
Microsoft Visual Studio Solution File, Format Version 12.00
Project("{FAE04EC0-301F-11D3-BF4B-00C04F79EFBC}") = "HearingBooks.Api", "HearingBooks.Api\HearingBooks.Api.csproj", "{A2C0BA6E-B256-40E3-9CF9-3A1F5AB10ACC}"
EndProject
Project("{2150E333-8FDC-42A3-9474-1A3956D46DE8}") = "src", "src", "{639166BA-72EA-444E-9381-C7F71A72DD11}"
EndProject
Project("{2150E333-8FDC-42A3-9474-1A3956D46DE8}") = "tests", "tests", "{2B9A1DDE-DBEF-40B6-863A-3469CBF72AA7}"
EndProject
Project("{FAE04EC0-301F-11D3-BF4B-00C04F79EFBC}") = "HearingBooks.Epub", "HearingBooks.Epub\HearingBooks.Epub.csproj", "{5A962FAD-5775-486F-8440-706B65777FAB}"
EndProject
Project("{FAE04EC0-301F-11D3-BF4B-00C04F79EFBC}") = "HearingBooks.Epub.Tests", "HearingBooks.Epub.Tests\HearingBooks.Epub.Tests.csproj", "{4559B6C6-80AF-455E-9318-28271FD1BEE8}"
EndProject
Project("{FAE04EC0-301F-11D3-BF4B-00C04F79EFBC}") = "HearingBooks.Tests.Core", "HearingBooks.Tests.Core\HearingBooks.Tests.Core.csproj", "{41473E30-8D71-4542-AD49-D696776BE052}"
EndProject
Project("{FAE04EC0-301F-11D3-BF4B-00C04F79EFBC}") = "HearingBooks.Domain", "HearingBooks.Domain\HearingBooks.Domain.csproj", "{20399B48-06D7-4F2B-96EF-DF81D03D0C5C}"
EndProject
Project("{FAE04EC0-301F-11D3-BF4B-00C04F79EFBC}") = "HearingBooks.Infrastructure", "HearingBooks.Infrastructure\HearingBooks.Infrastructure.csproj", "{BE5E1644-3322-4D56-BAF0-326C78EA365E}"
EndProject
Project("{2150E333-8FDC-42A3-9474-1A3956D46DE8}") = "Api", "Api", "{76DD6785-A0CC-4F29-98F7-EBC3FA932FC7}"
EndProject
Project("{FAE04EC0-301F-11D3-BF4B-00C04F79EFBC}") = "HearingBooks.Api.Tests", "HearingBooks.Api.Tests\HearingBooks.Api.Tests.csproj", "{0C366588-6CAA-4219-94EF-C6274BEE3C1A}"
EndProject
Project("{FAE04EC0-301F-11D3-BF4B-00C04F79EFBC}") = "HearingBooks.Logic", "HearingBooks.Logic\HearingBooks.Logic.csproj", "{C7B6F237-D585-4CB0-8561-B9DFB03AE5FC}"
EndProject
Project("{2150E333-8FDC-42A3-9474-1A3956D46DE8}") = "Domain", "Domain", "{79CA291B-9C1D-4762-A049-2C8E678DA4B6}"
EndProject
Project("{2150E333-8FDC-42A3-9474-1A3956D46DE8}") = "Application", "Application", "{A1BEDE52-94B7-44DA-9CB1-125B7A6A5397}"
EndProject
Project("{2150E333-8FDC-42A3-9474-1A3956D46DE8}") = "Infrastructure", "Infrastructure", "{025833B2-CEE3-4F67-BFE1-13EC4FA2483C}"
EndProject
Project("{FAE04EC0-301F-11D3-BF4B-00C04F79EFBC}") = "HearingBooks.Api.Responses", "HearingBooks.Api.Responses\HearingBooks.Api.Responses.csproj", "{8BDBCC9A-D0E1-432B-A9C4-D0D998E6CDF5}"
EndProject
Project("{2150E333-8FDC-42A3-9474-1A3956D46DE8}") = "Persistance", "Persistance", "{411FBFE8-31E7-4B3D-B46E-42E5BEC98705}"
EndProject
Project("{FAE04EC0-301F-11D3-BF4B-00C04F79EFBC}") = "HearingBooks.Persistance", "HearingBooks.Persistance\HearingBooks.Persistance.csproj", "{958EFE62-3907-4BA8-A2FA-D5538909DC63}"
EndProject
Global
	GlobalSection(SolutionConfigurationPlatforms) = preSolution
		Debug|Any CPU = Debug|Any CPU
		Release|Any CPU = Release|Any CPU
	EndGlobalSection
	GlobalSection(ProjectConfigurationPlatforms) = postSolution
		{A2C0BA6E-B256-40E3-9CF9-3A1F5AB10ACC}.Debug|Any CPU.ActiveCfg = Debug|Any CPU
		{A2C0BA6E-B256-40E3-9CF9-3A1F5AB10ACC}.Debug|Any CPU.Build.0 = Debug|Any CPU
		{A2C0BA6E-B256-40E3-9CF9-3A1F5AB10ACC}.Release|Any CPU.ActiveCfg = Release|Any CPU
		{A2C0BA6E-B256-40E3-9CF9-3A1F5AB10ACC}.Release|Any CPU.Build.0 = Release|Any CPU
		{5A962FAD-5775-486F-8440-706B65777FAB}.Debug|Any CPU.ActiveCfg = Debug|Any CPU
		{5A962FAD-5775-486F-8440-706B65777FAB}.Debug|Any CPU.Build.0 = Debug|Any CPU
		{5A962FAD-5775-486F-8440-706B65777FAB}.Release|Any CPU.ActiveCfg = Release|Any CPU
		{5A962FAD-5775-486F-8440-706B65777FAB}.Release|Any CPU.Build.0 = Release|Any CPU
		{4559B6C6-80AF-455E-9318-28271FD1BEE8}.Debug|Any CPU.ActiveCfg = Debug|Any CPU
		{4559B6C6-80AF-455E-9318-28271FD1BEE8}.Debug|Any CPU.Build.0 = Debug|Any CPU
		{4559B6C6-80AF-455E-9318-28271FD1BEE8}.Release|Any CPU.ActiveCfg = Release|Any CPU
		{4559B6C6-80AF-455E-9318-28271FD1BEE8}.Release|Any CPU.Build.0 = Release|Any CPU
		{41473E30-8D71-4542-AD49-D696776BE052}.Debug|Any CPU.ActiveCfg = Debug|Any CPU
		{41473E30-8D71-4542-AD49-D696776BE052}.Debug|Any CPU.Build.0 = Debug|Any CPU
		{41473E30-8D71-4542-AD49-D696776BE052}.Release|Any CPU.ActiveCfg = Release|Any CPU
		{41473E30-8D71-4542-AD49-D696776BE052}.Release|Any CPU.Build.0 = Release|Any CPU
		{20399B48-06D7-4F2B-96EF-DF81D03D0C5C}.Debug|Any CPU.ActiveCfg = Debug|Any CPU
		{20399B48-06D7-4F2B-96EF-DF81D03D0C5C}.Debug|Any CPU.Build.0 = Debug|Any CPU
		{20399B48-06D7-4F2B-96EF-DF81D03D0C5C}.Release|Any CPU.ActiveCfg = Release|Any CPU
		{20399B48-06D7-4F2B-96EF-DF81D03D0C5C}.Release|Any CPU.Build.0 = Release|Any CPU
		{BE5E1644-3322-4D56-BAF0-326C78EA365E}.Debug|Any CPU.ActiveCfg = Debug|Any CPU
		{BE5E1644-3322-4D56-BAF0-326C78EA365E}.Debug|Any CPU.Build.0 = Debug|Any CPU
		{BE5E1644-3322-4D56-BAF0-326C78EA365E}.Release|Any CPU.ActiveCfg = Release|Any CPU
		{BE5E1644-3322-4D56-BAF0-326C78EA365E}.Release|Any CPU.Build.0 = Release|Any CPU
		{0C366588-6CAA-4219-94EF-C6274BEE3C1A}.Debug|Any CPU.ActiveCfg = Debug|Any CPU
		{0C366588-6CAA-4219-94EF-C6274BEE3C1A}.Debug|Any CPU.Build.0 = Debug|Any CPU
		{0C366588-6CAA-4219-94EF-C6274BEE3C1A}.Release|Any CPU.ActiveCfg = Release|Any CPU
		{0C366588-6CAA-4219-94EF-C6274BEE3C1A}.Release|Any CPU.Build.0 = Release|Any CPU
		{C7B6F237-D585-4CB0-8561-B9DFB03AE5FC}.Debug|Any CPU.ActiveCfg = Debug|Any CPU
		{C7B6F237-D585-4CB0-8561-B9DFB03AE5FC}.Debug|Any CPU.Build.0 = Debug|Any CPU
		{C7B6F237-D585-4CB0-8561-B9DFB03AE5FC}.Release|Any CPU.ActiveCfg = Release|Any CPU
		{C7B6F237-D585-4CB0-8561-B9DFB03AE5FC}.Release|Any CPU.Build.0 = Release|Any CPU
		{8BDBCC9A-D0E1-432B-A9C4-D0D998E6CDF5}.Debug|Any CPU.ActiveCfg = Debug|Any CPU
		{8BDBCC9A-D0E1-432B-A9C4-D0D998E6CDF5}.Debug|Any CPU.Build.0 = Debug|Any CPU
		{8BDBCC9A-D0E1-432B-A9C4-D0D998E6CDF5}.Release|Any CPU.ActiveCfg = Release|Any CPU
		{8BDBCC9A-D0E1-432B-A9C4-D0D998E6CDF5}.Release|Any CPU.Build.0 = Release|Any CPU
		{958EFE62-3907-4BA8-A2FA-D5538909DC63}.Debug|Any CPU.ActiveCfg = Debug|Any CPU
		{958EFE62-3907-4BA8-A2FA-D5538909DC63}.Debug|Any CPU.Build.0 = Debug|Any CPU
		{958EFE62-3907-4BA8-A2FA-D5538909DC63}.Release|Any CPU.ActiveCfg = Release|Any CPU
		{958EFE62-3907-4BA8-A2FA-D5538909DC63}.Release|Any CPU.Build.0 = Release|Any CPU
	EndGlobalSection
	GlobalSection(NestedProjects) = preSolution
		{5A962FAD-5775-486F-8440-706B65777FAB} = {639166BA-72EA-444E-9381-C7F71A72DD11}
		{4559B6C6-80AF-455E-9318-28271FD1BEE8} = {2B9A1DDE-DBEF-40B6-863A-3469CBF72AA7}
		{41473E30-8D71-4542-AD49-D696776BE052} = {2B9A1DDE-DBEF-40B6-863A-3469CBF72AA7}
		{76DD6785-A0CC-4F29-98F7-EBC3FA932FC7} = {639166BA-72EA-444E-9381-C7F71A72DD11}
		{A2C0BA6E-B256-40E3-9CF9-3A1F5AB10ACC} = {76DD6785-A0CC-4F29-98F7-EBC3FA932FC7}
		{0C366588-6CAA-4219-94EF-C6274BEE3C1A} = {2B9A1DDE-DBEF-40B6-863A-3469CBF72AA7}
		{C7B6F237-D585-4CB0-8561-B9DFB03AE5FC} = {76DD6785-A0CC-4F29-98F7-EBC3FA932FC7}
		{79CA291B-9C1D-4762-A049-2C8E678DA4B6} = {639166BA-72EA-444E-9381-C7F71A72DD11}
		{20399B48-06D7-4F2B-96EF-DF81D03D0C5C} = {79CA291B-9C1D-4762-A049-2C8E678DA4B6}
		{A1BEDE52-94B7-44DA-9CB1-125B7A6A5397} = {639166BA-72EA-444E-9381-C7F71A72DD11}
		{025833B2-CEE3-4F67-BFE1-13EC4FA2483C} = {639166BA-72EA-444E-9381-C7F71A72DD11}
		{BE5E1644-3322-4D56-BAF0-326C78EA365E} = {025833B2-CEE3-4F67-BFE1-13EC4FA2483C}
		{8BDBCC9A-D0E1-432B-A9C4-D0D998E6CDF5} = {76DD6785-A0CC-4F29-98F7-EBC3FA932FC7}
		{411FBFE8-31E7-4B3D-B46E-42E5BEC98705} = {639166BA-72EA-444E-9381-C7F71A72DD11}
		{958EFE62-3907-4BA8-A2FA-D5538909DC63} = {411FBFE8-31E7-4B3D-B46E-42E5BEC98705}
	EndGlobalSection
EndGlobal
